
Microsoft Visual Studio Solution File, Format Version 12.00
# Visual Studio Version 16
VisualStudioVersion = 16.0.30611.23
MinimumVisualStudioVersion = 10.0.40219.1
Project("{8BC9CEB8-8B4A-11D0-8D11-00A0C91BC942}") = "src", "src\src.vcxproj", "{F4107366-AE45-4DD5-8947-CBAA7C77C3CF}"
EndProject
Project("{8BC9CEB8-8B4A-11D0-8D11-00A0C91BC942}") = "load_mmd", "load_mmd\load_mmd.vcxproj", "{ACB2FE9E-1999-4A4E-BEAA-284CBD1A5DDA}"
EndProject
Global
	GlobalSection(SolutionConfigurationPlatforms) = preSolution
		Debug|x64 = Debug|x64
		Debug|x86 = Debug|x86
		Release|x64 = Release|x64
		Release|x86 = Release|x86
	EndGlobalSection
	GlobalSection(ProjectConfigurationPlatforms) = postSolution
		{F4107366-AE45-4DD5-8947-CBAA7C77C3CF}.Debug|x64.ActiveCfg = Debug|x64
		{F4107366-AE45-4DD5-8947-CBAA7C77C3CF}.Debug|x64.Build.0 = Debug|x64
		{F4107366-AE45-4DD5-8947-CBAA7C77C3CF}.Debug|x86.ActiveCfg = Debug|Win32
		{F4107366-AE45-4DD5-8947-CBAA7C77C3CF}.Debug|x86.Build.0 = Debug|Win32
		{F4107366-AE45-4DD5-8947-CBAA7C77C3CF}.Release|x64.ActiveCfg = Release|x64
		{F4107366-AE45-4DD5-8947-CBAA7C77C3CF}.Release|x64.Build.0 = Release|x64
		{F4107366-AE45-4DD5-8947-CBAA7C77C3CF}.Release|x86.ActiveCfg = Release|Win32
		{F4107366-AE45-4DD5-8947-CBAA7C77C3CF}.Release|x86.Build.0 = Release|Win32
		{ACB2FE9E-1999-4A4E-BEAA-284CBD1A5DDA}.Debug|x64.ActiveCfg = Debug|x64
		{ACB2FE9E-1999-4A4E-BEAA-284CBD1A5DDA}.Debug|x64.Build.0 = Debug|x64
		{ACB2FE9E-1999-4A4E-BEAA-284CBD1A5DDA}.Debug|x86.ActiveCfg = Debug|Win32
		{ACB2FE9E-1999-4A4E-BEAA-284CBD1A5DDA}.Debug|x86.Build.0 = Debug|Win32
		{ACB2FE9E-1999-4A4E-BEAA-284CBD1A5DDA}.Release|x64.ActiveCfg = Release|x64
		{ACB2FE9E-1999-4A4E-BEAA-284CBD1A5DDA}.Release|x64.Build.0 = Release|x64
		{ACB2FE9E-1999-4A4E-BEAA-284CBD1A5DDA}.Release|x86.ActiveCfg = Release|Win32
		{ACB2FE9E-1999-4A4E-BEAA-284CBD1A5DDA}.Release|x86.Build.0 = Release|Win32
	EndGlobalSection
	GlobalSection(SolutionProperties) = preSolution
		HideSolutionNode = FALSE
	EndGlobalSection
	GlobalSection(ExtensibilityGlobals) = postSolution
		SolutionGuid = {E424AEBE-29A5-4C3E-9639-9870657DBE2C}
	EndGlobalSection
EndGlobal
