<?xml version="1.0" encoding="utf-8"?>
<Project ToolsVersion="4.0" xmlns="http://schemas.microsoft.com/developer/msbuild/2003">
  <ItemGroup>
    <ClCompile Include="main.cpp" />
  </ItemGroup>
  <ItemGroup>
    <FxCompile Include="Shader\VertexShader001.hlsl" />
    <FxCompile Include="Shader\PixelShader001.hlsl" />
    <FxCompile Include="Shader\VertexShader002.hlsl" />
    <FxCompile Include="Shader\PixelShader002.hlsl" />
    <FxCompile Include="Shader\VertexShader003.hlsl" />
    <FxCompile Include="Shader\PixelShader003_DrawFace.hlsl" />
    <FxCompile Include="Shader\GeometryShader003_DrawFace.hlsl" />
    <FxCompile Include="Shader\GeometryShader003_DrawNormal.hlsl" />
    <FxCompile Include="Shader\PixelShader003_DrawNormal.hlsl" />
    <FxCompile Include="Shader\ColorObject\PixelShader.hlsl" />
    <FxCompile Include="Shader\ColorObject\VertexShader.hlsl" />
    <FxCompile Include="Shader\ColorObjectForCubemap\GeometryShader.hlsl" />
    <FxCompile Include="Shader\ColorObjectForCubemap\PixelShader.hlsl" />
    <FxCompile Include="Shader\ColorObjectForCubemap\VertexShader.hlsl" />
    <FxCompile Include="Shader\MirrorObject\PixelShader.hlsl" />
    <FxCompile Include="Shader\MirrorObject\VertexShader.hlsl" />
    <FxCompile Include="Shader\Ground\VertexShader.hlsl" />
    <FxCompile Include="Shader\Ground\HullShader.hlsl" />
    <FxCompile Include="Shader\Ground\DomainShader.hlsl" />
    <FxCompile Include="Shader\Ground\PixelShader.hlsl" />
    <FxCompile Include="Shader\ComputeShader001.hlsl" />
    <FxCompile Include="Shader\Ground2\DomainShader.hlsl" />
    <FxCompile Include="Shader\Ground2\HullShader.hlsl" />
    <FxCompile Include="Shader\Ground2\PixelShader.hlsl" />
    <FxCompile Include="Shader\Ground2\VertexShader.hlsl" />
    <FxCompile Include="Shader\ComputeShader002.hlsl" />
    <FxCompile Include="Shader\ComputeShader003.hlsl" />
    <FxCompile Include="Shader\Sphere\DepthVertexShader.hlsl" />
    <FxCompile Include="Shader\Sphere\DepthPixelShader.hlsl" />
    <FxCompile Include="Shader\Sphere\VertexShader.hlsl" />
    <FxCompile Include="Shader\Sphere\PixelShader.hlsl" />
    <FxCompile Include="Shader\Snow\VertexShader.hlsl" />
    <FxCompile Include="Shader\Snow\GeometryShader.hlsl" />
    <FxCompile Include="Shader\Snow\PixelShader.hlsl" />
    <FxCompile Include="Shader\Ground3\VertexShader.hlsl" />
    <FxCompile Include="Shader\Ground3\PixelShader.hlsl" />
    <FxCompile Include="Shader\Bunny\VertexShader.hlsl" />
    <FxCompile Include="Shader\Bunny\PixelShader.hlsl" />
    <FxCompile Include="Shader\Ground3\ShadowMapVertexShader.hlsl" />
    <FxCompile Include="Shader\Bunny\ShadowMapVertexShader.hlsl" />
    <FxCompile Include="Shader\Ground4\PixelShader.hlsl" />
    <FxCompile Include="Shader\Ground4\ShadowMapPixelShader.hlsl" />
    <FxCompile Include="Shader\Ground4\ShadowMapVertexShader.hlsl" />
    <FxCompile Include="Shader\Ground4\VertexShader.hlsl" />
    <FxCompile Include="Shader\Bunny2\PixelShader.hlsl" />
    <FxCompile Include="Shader\Bunny2\ShadowMapPixelShader.hlsl" />
    <FxCompile Include="Shader\Bunny2\ShadowMapVertexShader.hlsl" />
    <FxCompile Include="Shader\Bunny2\VertexShader.hlsl" />
    <FxCompile Include="Shader\ComputeShader004.hlsl" />
    <FxCompile Include="Shader\ComputeShader005.hlsl" />
    <FxCompile Include="Shader\Ground5\VertexShader.hlsl" />
    <FxCompile Include="Shader\Ground5\PixelShader.hlsl" />
  </ItemGroup>
  <ItemGroup>
    <ClInclude Include="test001.hpp" />
    <ClInclude Include="test002.hpp" />
    <ClInclude Include="test003.hpp" />
    <ClInclude Include="utility.hpp" />
    <ClInclude Include="test004.hpp" />
    <ClInclude Include="test005.hpp" />
    <ClInclude Include="test006.hpp" />
    <ClInclude Include="test007.hpp" />
    <ClInclude Include="test008.hpp" />
    <ClInclude Include="test009.hpp" />
  </ItemGroup>
  <ItemGroup>
    <None Include="Shader\Header002.hlsli" />
    <None Include="Shader\Header003.hlsli" />
    <None Include="Shader\ColorObject\Header.hlsli" />
    <None Include="Shader\ColorObjectForCubemap\Header.hlsli" />
    <None Include="Shader\MirrorObject\Header.hlsli" />
    <None Include="Shader\Ground\Header.hlsli" />
    <None Include="Shader\Ground2\Header.hlsli" />
    <None Include="Shader\Sphere\Header.hlsli" />
    <None Include="Shader\Snow\Header.hlsli" />
    <None Include="Shader\Ground3\Header.hlsli" />
    <None Include="Shader\Bunny\Header.hlsli" />
    <None Include="Shader\Ground4\Header.hlsli" />
    <None Include="Shader\Bunny2\Header.hlsli" />
    <None Include="Shader\Ground5\Header.hlsli" />
    <None Include="README.md" />
  </ItemGroup>
</Project>