<?xml version="1.0" encoding="utf-8"?>
<Project ToolsVersion="4.0" xmlns="http://schemas.microsoft.com/developer/msbuild/2003">
  <ItemGroup>
    <ClCompile Include="DirectX12\command_list.cpp" />
    <ClCompile Include="DirectX12\device.cpp" />
    <ClCompile Include="DirectX12\double_buffer.cpp" />
    <ClCompile Include="DirectX12\index_buffer.cpp" />
    <ClCompile Include="DirectX12\vertex_buffer.cpp" />
    <ClCompile Include="main.cpp" />
    <ClCompile Include="DirectX12\color_texture.cpp" />
    <ClCompile Include="mmd_model.cpp" />
    <ClCompile Include="perapolygon_helper_functions.cpp" />
    <ClCompile Include="perapolygon.cpp" />
    <ClCompile Include="mmd_model_helper_functions.cpp" />
    <ClCompile Include="DirectX12\resource.cpp" />
    <ClCompile Include="DirectX12\resource_helper_functions.cpp" />
  </ItemGroup>
  <ItemGroup>
    <ClInclude Include="DirectX12\command_list.hpp" />
    <ClInclude Include="DirectX12\descriptor_heap.hpp" />
    <ClInclude Include="DirectX12\device.hpp" />
    <ClInclude Include="DirectX12\double_buffer.hpp" />
    <ClInclude Include="DirectX12\index_buffer.hpp" />
    <ClInclude Include="DirectX12\shader.hpp" />
    <ClInclude Include="DirectX12\utility.hpp" />
    <ClInclude Include="DirectX12\vertex_buffer.hpp" />
    <ClInclude Include="window.hpp" />
    <ClInclude Include="DirectX12\color_texture.hpp" />
    <ClInclude Include="mmd_model.hpp" />
    <ClInclude Include="DirectX12\resource_type_tag.hpp" />
    <ClInclude Include="scene_data.hpp" />
    <ClInclude Include="window_size.hpp" />
    <ClInclude Include="perapolygon.hpp" />
    <ClInclude Include="perapolygon_helper_functions.hpp" />
    <ClInclude Include="mmd_model_helper_functions.hpp" />
    <ClInclude Include="DirectX12\resource.hpp" />
    <ClInclude Include="DirectX12\resource_helper_functions.hpp" />
    <ClInclude Include="DirectX12\depth_buffer.hpp" />
  </ItemGroup>
  <ItemGroup>
    <None Include="shader\BasicType.hlsli" />
    <None Include="shader\peraHeader.hlsli" />
  </ItemGroup>
  <ItemGroup>
    <FxCompile Include="shader\VertexShader.hlsl" />
    <FxCompile Include="shader\PixelShader.hlsl" />
    <FxCompile Include="shader\peraVertexShader.hlsl" />
    <FxCompile Include="shader\peraPixelShader.hlsl" />
  </ItemGroup>
</Project>