<?xml version="1.0" encoding="utf-8"?>
<Project ToolsVersion="4.0" xmlns="http://schemas.microsoft.com/developer/msbuild/2003">
  <ItemGroup>
    <ClInclude Include="window.hpp" />
    <ClInclude Include="DirectX12\init.hpp" />
    <ClInclude Include="DirectX12\buffer.hpp" />
    <ClInclude Include="DirectX12\shader.hpp" />
    <ClInclude Include="DirectX12\draw.hpp" />
    <ClInclude Include="DirectX12\texture.hpp" />
    <ClInclude Include="DirectX12\descriptor_heap.hpp" />
  </ItemGroup>
  <ItemGroup>
    <ClCompile Include="main.cpp" />
  </ItemGroup>
  <ItemGroup>
    <FxCompile Include="shader\VertexShader1.hlsl" />
    <FxCompile Include="shader\PixelShader1.hlsl" />
  </ItemGroup>
  <ItemGroup>
    <None Include="shader\BasicType.hlsli" />
  </ItemGroup>
</Project>