<?xml version="1.0" encoding="utf-8"?>
<Project ToolsVersion="4.0" xmlns="http://schemas.microsoft.com/developer/msbuild/2003">
  <ItemGroup>
    <ClCompile Include="DirectX12\command_list.cpp" />
    <ClCompile Include="DirectX12\constant_buffer_resource.cpp" />
    <ClCompile Include="DirectX12\descriptor_heap.cpp" />
    <ClCompile Include="DirectX12\device.cpp" />
    <ClCompile Include="DirectX12\double_buffer.cpp" />
    <ClCompile Include="DirectX12\index_buffer.cpp" />
    <ClCompile Include="DirectX12\pipeline_state.cpp" />
    <ClCompile Include="DirectX12\vertex_buffer.cpp" />
    <ClCompile Include="main.cpp" />
    <ClCompile Include="DirectX12\depth_buffer.cpp" />
    <ClCompile Include="mmd.cpp" />
    <ClCompile Include="DirectX12\color_texture.cpp" />
  </ItemGroup>
  <ItemGroup>
    <ClInclude Include="DirectX12\command_list.hpp" />
    <ClInclude Include="DirectX12\constant_buffer_resource.hpp" />
    <ClInclude Include="DirectX12\descriptor_heap.hpp" />
    <ClInclude Include="DirectX12\device.hpp" />
    <ClInclude Include="DirectX12\double_buffer.hpp" />
    <ClInclude Include="DirectX12\index_buffer.hpp" />
    <ClInclude Include="DirectX12\pipeline_state.hpp" />
    <ClInclude Include="DirectX12\shader.hpp" />
    <ClInclude Include="DirectX12\texture_shader_resource.hpp" />
    <ClInclude Include="DirectX12\utility.hpp" />
    <ClInclude Include="DirectX12\vertex_buffer.hpp" />
    <ClInclude Include="window.hpp" />
    <ClInclude Include="my_vertex.hpp" />
    <ClInclude Include="DirectX12\depth_buffer.hpp" />
    <ClInclude Include="mmd.hpp" />
    <ClInclude Include="DirectX12\color_texture.hpp" />
  </ItemGroup>
  <ItemGroup>
    <None Include="shader\BasicType.hlsli" />
  </ItemGroup>
  <ItemGroup>
    <FxCompile Include="shader\PixelShader1.hlsl" />
    <FxCompile Include="shader\VertexShader1.hlsl" />
  </ItemGroup>
</Project>